
Microsoft Visual Studio Solution File, Format Version 12.00
# Visual Studio Version 16
VisualStudioVersion = 16.0.31321.278
MinimumVisualStudioVersion = 10.0.40219.1
Project("{FAE04EC0-301F-11D3-BF4B-00C04F79EFBC}") = "KaramWeb", "KaramWeb\KaramWeb.csproj", "{C741AD49-EF5A-4F1B-8361-94EBC110A126}"
EndProject
Global
	GlobalSection(SolutionConfigurationPlatforms) = preSolution
		Debug|Any CPU = Debug|Any CPU
		Release|Any CPU = Release|Any CPU
	EndGlobalSection
	GlobalSection(ProjectConfigurationPlatforms) = postSolution
		{C741AD49-EF5A-4F1B-8361-94EBC110A126}.Debug|Any CPU.ActiveCfg = Debug|Any CPU
		{C741AD49-EF5A-4F1B-8361-94EBC110A126}.Debug|Any CPU.Build.0 = Debug|Any CPU
		{C741AD49-EF5A-4F1B-8361-94EBC110A126}.Release|Any CPU.ActiveCfg = Release|Any CPU
		{C741AD49-EF5A-4F1B-8361-94EBC110A126}.Release|Any CPU.Build.0 = Release|Any CPU
	EndGlobalSection
	GlobalSection(SolutionProperties) = preSolution
		HideSolutionNode = FALSE
	EndGlobalSection
	GlobalSection(ExtensibilityGlobals) = postSolution
		SolutionGuid = {1013B066-4F63-47F3-A75A-3329526F50E7}
	EndGlobalSection
EndGlobal
